
Microsoft Visual Studio Solution File, Format Version 12.00
# Visual Studio 15
VisualStudioVersion = 15.0.28307.438
MinimumVisualStudioVersion = 10.0.40219.1
Project("{FAE04EC0-301F-11D3-BF4B-00C04F79EFBC}") = "CarCompareDesktop", "CarCompareDesktop\CarCompareDesktop.csproj", "{6CBBAEB8-5E8C-4333-B437-0114AF993979}"
EndProject
Global
	GlobalSection(SolutionConfigurationPlatforms) = preSolution
		Debug|Any CPU = Debug|Any CPU
		Release|Any CPU = Release|Any CPU
	EndGlobalSection
	GlobalSection(ProjectConfigurationPlatforms) = postSolution
		{6CBBAEB8-5E8C-4333-B437-0114AF993979}.Debug|Any CPU.ActiveCfg = Debug|Any CPU
		{6CBBAEB8-5E8C-4333-B437-0114AF993979}.Debug|Any CPU.Build.0 = Debug|Any CPU
		{6CBBAEB8-5E8C-4333-B437-0114AF993979}.Release|Any CPU.ActiveCfg = Release|Any CPU
		{6CBBAEB8-5E8C-4333-B437-0114AF993979}.Release|Any CPU.Build.0 = Release|Any CPU
	EndGlobalSection
	GlobalSection(SolutionProperties) = preSolution
		HideSolutionNode = FALSE
	EndGlobalSection
	GlobalSection(ExtensibilityGlobals) = postSolution
		SolutionGuid = {16CA6B15-D7C5-48D8-9738-4C4CD9D5F4D2}
	EndGlobalSection
EndGlobal
